
Microsoft Visual Studio Solution File, Format Version 12.00
# Visual Studio for Mac
Project("{FAE04EC0-301F-11D3-BF4B-00C04F79EFBC}") = "Assembly-CSharp", "Assembly-CSharp.csproj", "{092FA316-E87B-851E-E6CC-E91BBCEAA00F}"
EndProject
Project("{FAE04EC0-301F-11D3-BF4B-00C04F79EFBC}") = "Assembly-CSharp-Editor", "Assembly-CSharp-Editor.csproj", "{AF110CFE-8CFF-FA73-A65C-BE49B5B89810}"
EndProject
Global
	GlobalSection(SolutionConfigurationPlatforms) = preSolution
		Debug|Any CPU = Debug|Any CPU
		Release|Any CPU = Release|Any CPU
	EndGlobalSection
	GlobalSection(ProjectConfigurationPlatforms) = postSolution
		{092FA316-E87B-851E-E6CC-E91BBCEAA00F}.Debug|Any CPU.ActiveCfg = Debug|Any CPU
		{092FA316-E87B-851E-E6CC-E91BBCEAA00F}.Debug|Any CPU.Build.0 = Debug|Any CPU
		{092FA316-E87B-851E-E6CC-E91BBCEAA00F}.Release|Any CPU.ActiveCfg = Release|Any CPU
		{092FA316-E87B-851E-E6CC-E91BBCEAA00F}.Release|Any CPU.Build.0 = Release|Any CPU
		{AF110CFE-8CFF-FA73-A65C-BE49B5B89810}.Debug|Any CPU.ActiveCfg = Debug|Any CPU
		{AF110CFE-8CFF-FA73-A65C-BE49B5B89810}.Debug|Any CPU.Build.0 = Debug|Any CPU
		{AF110CFE-8CFF-FA73-A65C-BE49B5B89810}.Release|Any CPU.ActiveCfg = Release|Any CPU
		{AF110CFE-8CFF-FA73-A65C-BE49B5B89810}.Release|Any CPU.Build.0 = Release|Any CPU
	EndGlobalSection
	GlobalSection(SolutionProperties) = preSolution
		HideSolutionNode = FALSE
	EndGlobalSection
EndGlobal
